
Microsoft Visual Studio Solution File, Format Version 12.00
# Visual Studio Version 17
VisualStudioVersion = 17.0.31912.275
MinimumVisualStudioVersion = 10.0.40219.1
Project("{FAE04EC0-301F-11D3-BF4B-00C04F79EFBC}") = "BrowserTravel.V1.WebApi", "BrowserTravel.V1.WebApi\BrowserTravel.V1.WebApi.csproj", "{E0F34086-01BE-44BD-B145-CC8DAFE49CD7}"
EndProject
Project("{FAE04EC0-301F-11D3-BF4B-00C04F79EFBC}") = "BrowserTravel.V1.Infrastructure", "BrowserTravel.V1.Infrastructure\BrowserTravel.V1.Infrastructure.csproj", "{313A9B5A-4E04-4879-B5ED-76548264DBE0}"
EndProject
Global
	GlobalSection(SolutionConfigurationPlatforms) = preSolution
		Debug|Any CPU = Debug|Any CPU
		Release|Any CPU = Release|Any CPU
	EndGlobalSection
	GlobalSection(ProjectConfigurationPlatforms) = postSolution
		{E0F34086-01BE-44BD-B145-CC8DAFE49CD7}.Debug|Any CPU.ActiveCfg = Debug|Any CPU
		{E0F34086-01BE-44BD-B145-CC8DAFE49CD7}.Debug|Any CPU.Build.0 = Debug|Any CPU
		{E0F34086-01BE-44BD-B145-CC8DAFE49CD7}.Release|Any CPU.ActiveCfg = Release|Any CPU
		{E0F34086-01BE-44BD-B145-CC8DAFE49CD7}.Release|Any CPU.Build.0 = Release|Any CPU
		{313A9B5A-4E04-4879-B5ED-76548264DBE0}.Debug|Any CPU.ActiveCfg = Debug|Any CPU
		{313A9B5A-4E04-4879-B5ED-76548264DBE0}.Debug|Any CPU.Build.0 = Debug|Any CPU
		{313A9B5A-4E04-4879-B5ED-76548264DBE0}.Release|Any CPU.ActiveCfg = Release|Any CPU
		{313A9B5A-4E04-4879-B5ED-76548264DBE0}.Release|Any CPU.Build.0 = Release|Any CPU
	EndGlobalSection
	GlobalSection(SolutionProperties) = preSolution
		HideSolutionNode = FALSE
	EndGlobalSection
	GlobalSection(ExtensibilityGlobals) = postSolution
		SolutionGuid = {80B5679F-214F-4D8E-B280-91A5517EFD56}
	EndGlobalSection
EndGlobal
